
Microsoft Visual Studio Solution File, Format Version 12.00
# Visual Studio Version 16
VisualStudioVersion = 16.0.30114.105
MinimumVisualStudioVersion = 10.0.40219.1
Project("{FAE04EC0-301F-11D3-BF4B-00C04F79EFBC}") = "DataAccess", "DataAccess\DataAccess.csproj", "{D1B5F9A7-0C9C-4A3F-A3C1-98919E958A65}"
EndProject
Project("{FAE04EC0-301F-11D3-BF4B-00C04F79EFBC}") = "DataLibrary", "DataLibrary\DataLibrary.csproj", "{86B16933-9D06-4C83-B0A3-6C06B4B57F5C}"
EndProject
Project("{00D1A9C2-B5F0-4AF3-8072-F6C62B433612}") = "DataDB", "DataDB\DataDB.sqlproj", "{3D6CCDE8-FE7A-438E-8A67-5752F53C33DD}"
EndProject
Global
	GlobalSection(SolutionConfigurationPlatforms) = preSolution
		Debug|Any CPU = Debug|Any CPU
		Release|Any CPU = Release|Any CPU
	EndGlobalSection
	GlobalSection(ProjectConfigurationPlatforms) = postSolution
		{D1B5F9A7-0C9C-4A3F-A3C1-98919E958A65}.Debug|Any CPU.ActiveCfg = Debug|Any CPU
		{D1B5F9A7-0C9C-4A3F-A3C1-98919E958A65}.Debug|Any CPU.Build.0 = Debug|Any CPU
		{D1B5F9A7-0C9C-4A3F-A3C1-98919E958A65}.Release|Any CPU.ActiveCfg = Release|Any CPU
		{D1B5F9A7-0C9C-4A3F-A3C1-98919E958A65}.Release|Any CPU.Build.0 = Release|Any CPU
		{86B16933-9D06-4C83-B0A3-6C06B4B57F5C}.Debug|Any CPU.ActiveCfg = Debug|Any CPU
		{86B16933-9D06-4C83-B0A3-6C06B4B57F5C}.Debug|Any CPU.Build.0 = Debug|Any CPU
		{86B16933-9D06-4C83-B0A3-6C06B4B57F5C}.Release|Any CPU.ActiveCfg = Release|Any CPU
		{86B16933-9D06-4C83-B0A3-6C06B4B57F5C}.Release|Any CPU.Build.0 = Release|Any CPU
		{3D6CCDE8-FE7A-438E-8A67-5752F53C33DD}.Debug|Any CPU.ActiveCfg = Debug|Any CPU
		{3D6CCDE8-FE7A-438E-8A67-5752F53C33DD}.Debug|Any CPU.Build.0 = Debug|Any CPU
		{3D6CCDE8-FE7A-438E-8A67-5752F53C33DD}.Debug|Any CPU.Deploy.0 = Debug|Any CPU
		{3D6CCDE8-FE7A-438E-8A67-5752F53C33DD}.Release|Any CPU.ActiveCfg = Release|Any CPU
		{3D6CCDE8-FE7A-438E-8A67-5752F53C33DD}.Release|Any CPU.Build.0 = Release|Any CPU
		{3D6CCDE8-FE7A-438E-8A67-5752F53C33DD}.Release|Any CPU.Deploy.0 = Release|Any CPU
	EndGlobalSection
	GlobalSection(SolutionProperties) = preSolution
		HideSolutionNode = FALSE
	EndGlobalSection
	GlobalSection(ExtensibilityGlobals) = postSolution
		SolutionGuid = {2D7779D6-5114-47B3-8843-0367D37990AA}
	EndGlobalSection
EndGlobal
